
Microsoft Visual Studio Solution File, Format Version 12.00
# Visual Studio 2012
Project("{E24C65DC-7377-472B-9ABA-BC803B73C61A}") = "EtaskMinistryServiceClient", "..\EtaskMinistryServiceClient", "{7BD959A1-16F9-4DEC-9881-AEA36B109AB7}"
	ProjectSection(WebsiteProperties) = preProject
		SccProjectName = "SAK"
		SccAuxPath = "SAK"
		SccLocalPath = "SAK"
		SccProvider = "SAK"
		TargetFrameworkMoniker = ".NETFramework,Version%3Dv4.0"
		Debug.AspNetCompiler.VirtualPath = "/ETaskServiceClientWebsite"
		Debug.AspNetCompiler.PhysicalPath = "..\EtaskMinistryServiceClient\"
		Debug.AspNetCompiler.TargetPath = "PrecompiledWeb\ETaskServiceClientWebsite\"
		Debug.AspNetCompiler.Updateable = "true"
		Debug.AspNetCompiler.ForceOverwrite = "true"
		Debug.AspNetCompiler.FixedNames = "false"
		Debug.AspNetCompiler.Debug = "True"
		Release.AspNetCompiler.VirtualPath = "/ETaskServiceClientWebsite"
		Release.AspNetCompiler.PhysicalPath = "..\EtaskMinistryServiceClient\"
		Release.AspNetCompiler.TargetPath = "PrecompiledWeb\ETaskServiceClientWebsite\"
		Release.AspNetCompiler.Updateable = "true"
		Release.AspNetCompiler.ForceOverwrite = "true"
		Release.AspNetCompiler.FixedNames = "false"
		Release.AspNetCompiler.Debug = "False"
		VWDPort = "30450"
		VWDVirtualPath = "/"
	EndProjectSection
EndProject
Global
	GlobalSection(TeamFoundationVersionControl) = preSolution
		SccNumberOfProjects = 2
		SccEnterpriseProvider = {4CA58AB2-18FA-4F8D-95D4-32DDF27D184C}
		SccTeamFoundationServer = http://172.16.16.40:8080/tfs/webapplications
		SccLocalPath0 = .
		SccWebProject1 = true
		SccProjectUniqueName1 = .
		SccLocalPath1 = .
		SccProjectEnlistmentChoice1 = 2
	EndGlobalSection
	GlobalSection(SolutionConfigurationPlatforms) = preSolution
		Debug|Any CPU = Debug|Any CPU
	EndGlobalSection
	GlobalSection(ProjectConfigurationPlatforms) = postSolution
		{7BD959A1-16F9-4DEC-9881-AEA36B109AB7}.Debug|Any CPU.ActiveCfg = Debug|Any CPU
		{7BD959A1-16F9-4DEC-9881-AEA36B109AB7}.Debug|Any CPU.Build.0 = Debug|Any CPU
	EndGlobalSection
	GlobalSection(SolutionProperties) = preSolution
		HideSolutionNode = FALSE
	EndGlobalSection
EndGlobal
